// !$*UTF8*$!
{
	archiveVersion = 1;
	classes = {
	};
	objectVersion = 55;
	objects = {

/* Begin PBXBuildFile section */
		511CD42B0F7900ACB950F34C /* Pods_Flix.framework in Frameworks */ = {isa = PBXBuildFile; fileRef = 2346892B5BA435B63782217F /* Pods_Flix.framework */; };
		DA037D6428CBE80C000D33C4 /* MovieCell.swift in Sources */ = {isa = PBXBuildFile; fileRef = DA037D6328CBE80C000D33C4 /* MovieCell.swift */; };
		DA037D6728CBEDA8000D33C4 /* AlamofireImage in Frameworks */ = {isa = PBXBuildFile; productRef = DA037D6628CBEDA8000D33C4 /* AlamofireImage */; };
		DA41F7F628CBBCD300FE89F7 /* AppDelegate.swift in Sources */ = {isa = PBXBuildFile; fileRef = DA41F7F528CBBCD300FE89F7 /* AppDelegate.swift */; };
		DA41F7F828CBBCD300FE89F7 /* SceneDelegate.swift in Sources */ = {isa = PBXBuildFile; fileRef = DA41F7F728CBBCD300FE89F7 /* SceneDelegate.swift */; };
		DA41F7FA28CBBCD300FE89F7 /* ViewController.swift in Sources */ = {isa = PBXBuildFile; fileRef = DA41F7F928CBBCD300FE89F7 /* ViewController.swift */; };
		DA41F7FD28CBBCD300FE89F7 /* Main.storyboard in Resources */ = {isa = PBXBuildFile; fileRef = DA41F7FB28CBBCD300FE89F7 /* Main.storyboard */; };
		DA41F7FF28CBBCDA00FE89F7 /* Assets.xcassets in Resources */ = {isa = PBXBuildFile; fileRef = DA41F7FE28CBBCDA00FE89F7 /* Assets.xcassets */; };
		DA41F80228CBBCDA00FE89F7 /* LaunchScreen.storyboard in Resources */ = {isa = PBXBuildFile; fileRef = DA41F80028CBBCDA00FE89F7 /* LaunchScreen.storyboard */; };
		DA41F80A28CBC60E00FE89F7 /* MoviesViewController.swift in Sources */ = {isa = PBXBuildFile; fileRef = DA41F80928CBC60E00FE89F7 /* MoviesViewController.swift */; };
		DA89746F28CD009600379815 /* MovieDetailsViewController.swift in Sources */ = {isa = PBXBuildFile; fileRef = DA89746E28CD009600379815 /* MovieDetailsViewController.swift */; };
		DA89747128CD18A500379815 /* MovieGridViewController.swift in Sources */ = {isa = PBXBuildFile; fileRef = DA89747028CD18A400379815 /* MovieGridViewController.swift */; };
		DA89747328CD1DF500379815 /* MovieGridCell.swift in Sources */ = {isa = PBXBuildFile; fileRef = DA89747228CD1DF500379815 /* MovieGridCell.swift */; };
/* End PBXBuildFile section */

/* Begin PBXFileReference section */
		2346892B5BA435B63782217F /* Pods_Flix.framework */ = {isa = PBXFileReference; explicitFileType = wrapper.framework; includeInIndex = 0; path = Pods_Flix.framework; sourceTree = BUILT_PRODUCTS_DIR; };
		9997E8F11FCCB263C73336AE /* Pods-Flix.release.xcconfig */ = {isa = PBXFileReference; includeInIndex = 1; lastKnownFileType = text.xcconfig; name = "Pods-Flix.release.xcconfig"; path = "Target Support Files/Pods-Flix/Pods-Flix.release.xcconfig"; sourceTree = "<group>"; };
		DA037D6328CBE80C000D33C4 /* MovieCell.swift */ = {isa = PBXFileReference; lastKnownFileType = sourcecode.swift; path = MovieCell.swift; sourceTree = "<group>"; };
		DA41F7F228CBBCD300FE89F7 /* Flix.app */ = {isa = PBXFileReference; explicitFileType = wrapper.application; includeInIndex = 0; path = Flix.app; sourceTree = BUILT_PRODUCTS_DIR; };
		DA41F7F528CBBCD300FE89F7 /* AppDelegate.swift */ = {isa = PBXFileReference; lastKnownFileType = sourcecode.swift; path = AppDelegate.swift; sourceTree = "<group>"; };
		DA41F7F728CBBCD300FE89F7 /* SceneDelegate.swift */ = {isa = PBXFileReference; lastKnownFileType = sourcecode.swift; path = SceneDelegate.swift; sourceTree = "<group>"; };
		DA41F7F928CBBCD300FE89F7 /* ViewController.swift */ = {isa = PBXFileReference; lastKnownFileType = sourcecode.swift; path = ViewController.swift; sourceTree = "<group>"; };
		DA41F7FC28CBBCD300FE89F7 /* Base */ = {isa = PBXFileReference; lastKnownFileType = file.storyboard; name = Base; path = Base.lproj/Main.storyboard; sourceTree = "<group>"; };
		DA41F7FE28CBBCDA00FE89F7 /* Assets.xcassets */ = {isa = PBXFileReference; lastKnownFileType = folder.assetcatalog; path = Assets.xcassets; sourceTree = "<group>"; };
		DA41F80128CBBCDA00FE89F7 /* Base */ = {isa = PBXFileReference; lastKnownFileType = file.storyboard; name = Base; path = Base.lproj/LaunchScreen.storyboard; sourceTree = "<group>"; };
		DA41F80328CBBCDA00FE89F7 /* Info.plist */ = {isa = PBXFileReference; lastKnownFileType = text.plist.xml; path = Info.plist; sourceTree = "<group>"; };
		DA41F80928CBC60E00FE89F7 /* MoviesViewController.swift */ = {isa = PBXFileReference; lastKnownFileType = sourcecode.swift; path = MoviesViewController.swift; sourceTree = "<group>"; };
		DA89746E28CD009600379815 /* MovieDetailsViewController.swift */ = {isa = PBXFileReference; lastKnownFileType = sourcecode.swift; path = MovieDetailsViewController.swift; sourceTree = "<group>"; };
		DA89747028CD18A400379815 /* MovieGridViewController.swift */ = {isa = PBXFileReference; lastKnownFileType = sourcecode.swift; path = MovieGridViewController.swift; sourceTree = "<group>"; };
		DA89747228CD1DF500379815 /* MovieGridCell.swift */ = {isa = PBXFileReference; lastKnownFileType = sourcecode.swift; path = MovieGridCell.swift; sourceTree = "<group>"; };
		F3F9AEA48FB0C232DF5634A6 /* Pods-Flix.debug.xcconfig */ = {isa = PBXFileReference; includeInIndex = 1; lastKnownFileType = text.xcconfig; name = "Pods-Flix.debug.xcconfig"; path = "Target Support Files/Pods-Flix/Pods-Flix.debug.xcconfig"; sourceTree = "<group>"; };
/* End PBXFileReference section */

/* Begin PBXFrameworksBuildPhase section */
		DA41F7EF28CBBCD300FE89F7 /* Frameworks */ = {
			isa = PBXFrameworksBuildPhase;
			buildActionMask = 2147483647;
			files = (
				DA037D6728CBEDA8000D33C4 /* AlamofireImage in Frameworks */,
				511CD42B0F7900ACB950F34C /* Pods_Flix.framework in Frameworks */,
			);
			runOnlyForDeploymentPostprocessing = 0;
		};
/* End PBXFrameworksBuildPhase section */

/* Begin PBXGroup section */
		C7FE7433AA2D9D57AD4AA1A2 /* Frameworks */ = {
			isa = PBXGroup;
			children = (
				2346892B5BA435B63782217F /* Pods_Flix.framework */,
			);
			name = Frameworks;
			sourceTree = "<group>";
		};
		DA41F7E928CBBCD300FE89F7 = {
			isa = PBXGroup;
			children = (
				DA41F7F428CBBCD300FE89F7 /* Flix */,
				DA41F7F328CBBCD300FE89F7 /* Products */,
				E6625F47C2DEFE0722C42840 /* Pods */,
				C7FE7433AA2D9D57AD4AA1A2 /* Frameworks */,
			);
			sourceTree = "<group>";
		};
		DA41F7F328CBBCD300FE89F7 /* Products */ = {
			isa = PBXGroup;
			children = (
				DA41F7F228CBBCD300FE89F7 /* Flix.app */,
			);
			name = Products;
			sourceTree = "<group>";
		};
		DA41F7F428CBBCD300FE89F7 /* Flix */ = {
			isa = PBXGroup;
			children = (
				DA41F7F528CBBCD300FE89F7 /* AppDelegate.swift */,
				DA41F7F728CBBCD300FE89F7 /* SceneDelegate.swift */,
				DA41F7F928CBBCD300FE89F7 /* ViewController.swift */,
				DA41F7FB28CBBCD300FE89F7 /* Main.storyboard */,
				DA41F7FE28CBBCDA00FE89F7 /* Assets.xcassets */,
				DA41F80028CBBCDA00FE89F7 /* LaunchScreen.storyboard */,
				DA41F80328CBBCDA00FE89F7 /* Info.plist */,
				DA41F80928CBC60E00FE89F7 /* MoviesViewController.swift */,
				DA037D6328CBE80C000D33C4 /* MovieCell.swift */,
				DA89746E28CD009600379815 /* MovieDetailsViewController.swift */,
				DA89747028CD18A400379815 /* MovieGridViewController.swift */,
				DA89747228CD1DF500379815 /* MovieGridCell.swift */,
			);
			path = Flix;
			sourceTree = "<group>";
		};
		E6625F47C2DEFE0722C42840 /* Pods */ = {
			isa = PBXGroup;
			children = (
				F3F9AEA48FB0C232DF5634A6 /* Pods-Flix.debug.xcconfig */,
				9997E8F11FCCB263C73336AE /* Pods-Flix.release.xcconfig */,
			);
			path = Pods;
			sourceTree = "<group>";
		};
/* End PBXGroup section */

/* Begin PBXNativeTarget section */
		DA41F7F128CBBCD300FE89F7 /* Flix */ = {
			isa = PBXNativeTarget;
			buildConfigurationList = DA41F80628CBBCDA00FE89F7 /* Build configuration list for PBXNativeTarget "Flix" */;
			buildPhases = (
				5F2BF3FA7A3388DB05AA0E03 /* [CP] Check Pods Manifest.lock */,
				DA41F7EE28CBBCD300FE89F7 /* Sources */,
				DA41F7EF28CBBCD300FE89F7 /* Frameworks */,
				DA41F7F028CBBCD300FE89F7 /* Resources */,
				5047B1FAE436177967F59E1F /* [CP] Embed Pods Frameworks */,
			);
			buildRules = (
			);
			dependencies = (
			);
			name = Flix;
			packageProductDependencies = (
				DA037D6628CBEDA8000D33C4 /* AlamofireImage */,
			);
			productName = Flix;
			productReference = DA41F7F228CBBCD300FE89F7 /* Flix.app */;
			productType = "com.apple.product-type.application";
		};
/* End PBXNativeTarget section */

/* Begin PBXProject section */
		DA41F7EA28CBBCD300FE89F7 /* Project object */ = {
			isa = PBXProject;
			attributes = {
				BuildIndependentTargetsInParallel = 1;
				LastSwiftUpdateCheck = 1340;
				LastUpgradeCheck = 1340;
				TargetAttributes = {
					DA41F7F128CBBCD300FE89F7 = {
						CreatedOnToolsVersion = 13.4.1;
					};
				};
			};
			buildConfigurationList = DA41F7ED28CBBCD300FE89F7 /* Build configuration list for PBXProject "Flix" */;
			compatibilityVersion = "Xcode 13.0";
			developmentRegion = en;
			hasScannedForEncodings = 0;
			knownRegions = (
				en,
				Base,
			);
			mainGroup = DA41F7E928CBBCD300FE89F7;
			packageReferences = (
				DA037D6528CBEDA8000D33C4 /* XCRemoteSwiftPackageReference "AlamofireImage" */,
			);
			productRefGroup = DA41F7F328CBBCD300FE89F7 /* Products */;
			projectDirPath = "";
			projectRoot = "";
			targets = (
				DA41F7F128CBBCD300FE89F7 /* Flix */,
			);
		};
/* End PBXProject section */

/* Begin PBXResourcesBuildPhase section */
		DA41F7F028CBBCD300FE89F7 /* Resources */ = {
			isa = PBXResourcesBuildPhase;
			buildActionMask = 2147483647;
			files = (
				DA41F80228CBBCDA00FE89F7 /* LaunchScreen.storyboard in Resources */,
				DA41F7FF28CBBCDA00FE89F7 /* Assets.xcassets in Resources */,
				DA41F7FD28CBBCD300FE89F7 /* Main.storyboard in Resources */,
			);
			runOnlyForDeploymentPostprocessing = 0;
		};
/* End PBXResourcesBuildPhase section */

/* Begin PBXShellScriptBuildPhase section */
		5047B1FAE436177967F59E1F /* [CP] Embed Pods Frameworks */ = {
			isa = PBXShellScriptBuildPhase;
			buildActionMask = 2147483647;
			files = (
			);
			inputFileListPaths = (
				"${PODS_ROOT}/Target Support Files/Pods-Flix/Pods-Flix-frameworks-${CONFIGURATION}-input-files.xcfilelist",
			);
			name = "[CP] Embed Pods Frameworks";
			outputFileListPaths = (
				"${PODS_ROOT}/Target Support Files/Pods-Flix/Pods-Flix-frameworks-${CONFIGURATION}-output-files.xcfilelist",
			);
			runOnlyForDeploymentPostprocessing = 0;
			shellPath = /bin/sh;
			shellScript = "\"${PODS_ROOT}/Target Support Files/Pods-Flix/Pods-Flix-frameworks.sh\"\n";
			showEnvVarsInLog = 0;
		};
		5F2BF3FA7A3388DB05AA0E03 /* [CP] Check Pods Manifest.lock */ = {
			isa = PBXShellScriptBuildPhase;
			buildActionMask = 2147483647;
			files = (
			);
			inputFileListPaths = (
			);
			inputPaths = (
				"${PODS_PODFILE_DIR_PATH}/Podfile.lock",
				"${PODS_ROOT}/Manifest.lock",
			);
			name = "[CP] Check Pods Manifest.lock";
			outputFileListPaths = (
			);
			outputPaths = (
				"$(DERIVED_FILE_DIR)/Pods-Flix-checkManifestLockResult.txt",
			);
			runOnlyForDeploymentPostprocessing = 0;
			shellPath = /bin/sh;
			shellScript = "diff \"${PODS_PODFILE_DIR_PATH}/Podfile.lock\" \"${PODS_ROOT}/Manifest.lock\" > /dev/null\nif [ $? != 0 ] ; then\n    # print error to STDERR\n    echo \"error: The sandbox is not in sync with the Podfile.lock. Run 'pod install' or update your CocoaPods installation.\" >&2\n    exit 1\nfi\n# This output is used by Xcode 'outputs' to avoid re-running this script phase.\necho \"SUCCESS\" > \"${SCRIPT_OUTPUT_FILE_0}\"\n";
			showEnvVarsInLog = 0;
		};
/* End PBXShellScriptBuildPhase section */

/* Begin PBXSourcesBuildPhase section */
		DA41F7EE28CBBCD300FE89F7 /* Sources */ = {
			isa = PBXSourcesBuildPhase;
			buildActionMask = 2147483647;
			files = (
				DA41F7FA28CBBCD300FE89F7 /* ViewController.swift in Sources */,
				DA41F7F628CBBCD300FE89F7 /* AppDelegate.swift in Sources */,
				DA89746F28CD009600379815 /* MovieDetailsViewController.swift in Sources */,
				DA89747128CD18A500379815 /* MovieGridViewController.swift in Sources */,
				DA89747328CD1DF500379815 /* MovieGridCell.swift in Sources */,
				DA41F7F828CBBCD300FE89F7 /* SceneDelegate.swift in Sources */,
				DA037D6428CBE80C000D33C4 /* MovieCell.swift in Sources */,
				DA41F80A28CBC60E00FE89F7 /* MoviesViewController.swift in Sources */,
			);
			runOnlyForDeploymentPostprocessing = 0;
		};
/* End PBXSourcesBuildPhase section */

/* Begin PBXVariantGroup section */
		DA41F7FB28CBBCD300FE89F7 /* Main.storyboard */ = {
			isa = PBXVariantGroup;
			children = (
				DA41F7FC28CBBCD300FE89F7 /* Base */,
			);
			name = Main.storyboard;
			sourceTree = "<group>";
		};
		DA41F80028CBBCDA00FE89F7 /* LaunchScreen.storyboard */ = {
			isa = PBXVariantGroup;
			children = (
				DA41F80128CBBCDA00FE89F7 /* Base */,
			);
			name = LaunchScreen.storyboard;
			sourceTree = "<group>";
		};
/* End PBXVariantGroup section */

/* Begin XCBuildConfiguration section */
		DA41F80428CBBCDA00FE89F7 /* Debug */ = {
			isa = XCBuildConfiguration;
			buildSettings = {
				ALWAYS_SEARCH_USER_PATHS = NO;
				CLANG_ANALYZER_NONNULL = YES;
				CLANG_ANALYZER_NUMBER_OBJECT_CONVERSION = YES_AGGRESSIVE;
				CLANG_CXX_LANGUAGE_STANDARD = "gnu++17";
				CLANG_ENABLE_MODULES = YES;
				CLANG_ENABLE_OBJC_ARC = YES;
				CLANG_ENABLE_OBJC_WEAK = YES;
				CLANG_WARN_BLOCK_CAPTURE_AUTORELEASING = YES;
				CLANG_WARN_BOOL_CONVERSION = YES;
				CLANG_WARN_COMMA = YES;
				CLANG_WARN_CONSTANT_CONVERSION = YES;
				CLANG_WARN_DEPRECATED_OBJC_IMPLEMENTATIONS = YES;
				CLANG_WARN_DIRECT_OBJC_ISA_USAGE = YES_ERROR;
				CLANG_WARN_DOCUMENTATION_COMMENTS = YES;
				CLANG_WARN_EMPTY_BODY = YES;
				CLANG_WARN_ENUM_CONVERSION = YES;
				CLANG_WARN_INFINITE_RECURSION = YES;
				CLANG_WARN_INT_CONVERSION = YES;
				CLANG_WARN_NON_LITERAL_NULL_CONVERSION = YES;
				CLANG_WARN_OBJC_IMPLICIT_RETAIN_SELF = YES;
				CLANG_WARN_OBJC_LITERAL_CONVERSION = YES;
				CLANG_WARN_OBJC_ROOT_CLASS = YES_ERROR;
				CLANG_WARN_QUOTED_INCLUDE_IN_FRAMEWORK_HEADER = YES;
				CLANG_WARN_RANGE_LOOP_ANALYSIS = YES;
				CLANG_WARN_STRICT_PROTOTYPES = YES;
				CLANG_WARN_SUSPICIOUS_MOVE = YES;
				CLANG_WARN_UNGUARDED_AVAILABILITY = YES_AGGRESSIVE;
				CLANG_WARN_UNREACHABLE_CODE = YES;
				CLANG_WARN__DUPLICATE_METHOD_MATCH = YES;
				COPY_PHASE_STRIP = NO;
				DEBUG_INFORMATION_FORMAT = dwarf;
				ENABLE_STRICT_OBJC_MSGSEND = YES;
				ENABLE_TESTABILITY = YES;
				GCC_C_LANGUAGE_STANDARD = gnu11;
				GCC_DYNAMIC_NO_PIC = NO;
				GCC_NO_COMMON_BLOCKS = YES;
				GCC_OPTIMIZATION_LEVEL = 0;
				GCC_PREPROCESSOR_DEFINITIONS = (
					"DEBUG=1",
					"$(inherited)",
				);
				GCC_WARN_64_TO_32_BIT_CONVERSION = YES;
				GCC_WARN_ABOUT_RETURN_TYPE = YES_ERROR;
				GCC_WARN_UNDECLARED_SELECTOR = YES;
				GCC_WARN_UNINITIALIZED_AUTOS = YES_AGGRESSIVE;
				GCC_WARN_UNUSED_FUNCTION = YES;
				GCC_WARN_UNUSED_VARIABLE = YES;
				IPHONEOS_DEPLOYMENT_TARGET = 15.5;
				MTL_ENABLE_DEBUG_INFO = INCLUDE_SOURCE;
				MTL_FAST_MATH = YES;
				ONLY_ACTIVE_ARCH = YES;
				SDKROOT = iphoneos;
				SWIFT_ACTIVE_COMPILATION_CONDITIONS = DEBUG;
				SWIFT_OPTIMIZATION_LEVEL = "-Onone";
			};
			name = Debug;
		};
		DA41F80528CBBCDA00FE89F7 /* Release */ = {
			isa = XCBuildConfiguration;
			buildSettings = {
				ALWAYS_SEARCH_USER_PATHS = NO;
				CLANG_ANALYZER_NONNULL = YES;
				CLANG_ANALYZER_NUMBER_OBJECT_CONVERSION = YES_AGGRESSIVE;
				CLANG_CXX_LANGUAGE_STANDARD = "gnu++17";
				CLANG_ENABLE_MODULES = YES;
				CLANG_ENABLE_OBJC_ARC = YES;
				CLANG_ENABLE_OBJC_WEAK = YES;
				CLANG_WARN_BLOCK_CAPTURE_AUTORELEASING = YES;
				CLANG_WARN_BOOL_CONVERSION = YES;
				CLANG_WARN_COMMA = YES;
				CLANG_WARN_CONSTANT_CONVERSION = YES;
				CLANG_WARN_DEPRECATED_OBJC_IMPLEMENTATIONS = YES;
				CLANG_WARN_DIRECT_OBJC_ISA_USAGE = YES_ERROR;
				CLANG_WARN_DOCUMENTATION_COMMENTS = YES;
				CLANG_WARN_EMPTY_BODY = YES;
				CLANG_WARN_ENUM_CONVERSION = YES;
				CLANG_WARN_INFINITE_RECURSION = YES;
				CLANG_WARN_INT_CONVERSION = YES;
				CLANG_WARN_NON_LITERAL_NULL_CONVERSION = YES;
				CLANG_WARN_OBJC_IMPLICIT_RETAIN_SELF = YES;
				CLANG_WARN_OBJC_LITERAL_CONVERSION = YES;
				CLANG_WARN_OBJC_ROOT_CLASS = YES_ERROR;
				CLANG_WARN_QUOTED_INCLUDE_IN_FRAMEWORK_HEADER = YES;
				CLANG_WARN_RANGE_LOOP_ANALYSIS = YES;
				CLANG_WARN_STRICT_PROTOTYPES = YES;
				CLANG_WARN_SUSPICIOUS_MOVE = YES;
				CLANG_WARN_UNGUARDED_AVAILABILITY = YES_AGGRESSIVE;
				CLANG_WARN_UNREACHABLE_CODE = YES;
				CLANG_WARN__DUPLICATE_METHOD_MATCH = YES;
				COPY_PHASE_STRIP = NO;
				DEBUG_INFORMATION_FORMAT = "dwarf-with-dsym";
				ENABLE_NS_ASSERTIONS = NO;
				ENABLE_STRICT_OBJC_MSGSEND = YES;
				GCC_C_LANGUAGE_STANDARD = gnu11;
				GCC_NO_COMMON_BLOCKS = YES;
				GCC_WARN_64_TO_32_BIT_CONVERSION = YES;
				GCC_WARN_ABOUT_RETURN_TYPE = YES_ERROR;
				GCC_WARN_UNDECLARED_SELECTOR = YES;
				GCC_WARN_UNINITIALIZED_AUTOS = YES_AGGRESSIVE;
				GCC_WARN_UNUSED_FUNCTION = YES;
				GCC_WARN_UNUSED_VARIABLE = YES;
				IPHONEOS_DEPLOYMENT_TARGET = 15.5;
				MTL_ENABLE_DEBUG_INFO = NO;
				MTL_FAST_MATH = YES;
				SDKROOT = iphoneos;
				SWIFT_COMPILATION_MODE = wholemodule;
				SWIFT_OPTIMIZATION_LEVEL = "-O";
				VALIDATE_PRODUCT = YES;
			};
			name = Release;
		};
		DA41F80728CBBCDA00FE89F7 /* Debug */ = {
			isa = XCBuildConfiguration;
			baseConfigurationReference = F3F9AEA48FB0C232DF5634A6 /* Pods-Flix.debug.xcconfig */;
			buildSettings = {
				ASSETCATALOG_COMPILER_APPICON_NAME = AppIcon;
				ASSETCATALOG_COMPILER_GLOBAL_ACCENT_COLOR_NAME = AccentColor;
				CODE_SIGN_STYLE = Automatic;
				CURRENT_PROJECT_VERSION = 1;
				GENERATE_INFOPLIST_FILE = YES;
				INFOPLIST_FILE = Flix/Info.plist;
				INFOPLIST_KEY_UIApplicationSupportsIndirectInputEvents = YES;
				INFOPLIST_KEY_UILaunchStoryboardName = LaunchScreen;
				INFOPLIST_KEY_UIMainStoryboardFile = Main;
				INFOPLIST_KEY_UISupportedInterfaceOrientations_iPad = "UIInterfaceOrientationPortrait UIInterfaceOrientationPortraitUpsideDown UIInterfaceOrientationLandscapeLeft UIInterfaceOrientationLandscapeRight";
				INFOPLIST_KEY_UISupportedInterfaceOrientations_iPhone = "UIInterfaceOrientationPortrait UIInterfaceOrientationLandscapeLeft UIInterfaceOrientationLandscapeRight";
				LD_RUNPATH_SEARCH_PATHS = (
					"$(inherited)",
					"@executable_path/Frameworks",
				);
				MARKETING_VERSION = 1.0;
				PRODUCT_BUNDLE_IDENTIFIER = "JadonMichael-De-Jesus.Flix";
				PRODUCT_NAME = "$(TARGET_NAME)";
				SWIFT_EMIT_LOC_STRINGS = YES;
				SWIFT_VERSION = 5.0;
				TARGETED_DEVICE_FAMILY = "1,2";
			};
			name = Debug;
		};
		DA41F80828CBBCDA00FE89F7 /* Release */ = {
			isa = XCBuildConfiguration;
			baseConfigurationReference = 9997E8F11FCCB263C73336AE /* Pods-Flix.release.xcconfig */;
			buildSettings = {
				ASSETCATALOG_COMPILER_APPICON_NAME = AppIcon;
				ASSETCATALOG_COMPILER_GLOBAL_ACCENT_COLOR_NAME = AccentColor;
				CODE_SIGN_STYLE = Automatic;
				CURRENT_PROJECT_VERSION = 1;
				GENERATE_INFOPLIST_FILE = YES;
				INFOPLIST_FILE = Flix/Info.plist;
				INFOPLIST_KEY_UIApplicationSupportsIndirectInputEvents = YES;
				INFOPLIST_KEY_UILaunchStoryboardName = LaunchScreen;
				INFOPLIST_KEY_UIMainStoryboardFile = Main;
				INFOPLIST_KEY_UISupportedInterfaceOrientations_iPad = "UIInterfaceOrientationPortrait UIInterfaceOrientationPortraitUpsideDown UIInterfaceOrientationLandscapeLeft UIInterfaceOrientationLandscapeRight";
				INFOPLIST_KEY_UISupportedInterfaceOrientations_iPhone = "UIInterfaceOrientationPortrait UIInterfaceOrientationLandscapeLeft UIInterfaceOrientationLandscapeRight";
				LD_RUNPATH_SEARCH_PATHS = (
					"$(inherited)",
					"@executable_path/Frameworks",
				);
				MARKETING_VERSION = 1.0;
				PRODUCT_BUNDLE_IDENTIFIER = "JadonMichael-De-Jesus.Flix";
				PRODUCT_NAME = "$(TARGET_NAME)";
				SWIFT_EMIT_LOC_STRINGS = YES;
				SWIFT_VERSION = 5.0;
				TARGETED_DEVICE_FAMILY = "1,2";
			};
			name = Release;
		};
/* End XCBuildConfiguration section */

/* Begin XCConfigurationList section */
		DA41F7ED28CBBCD300FE89F7 /* Build configuration list for PBXProject "Flix" */ = {
			isa = XCConfigurationList;
			buildConfigurations = (
				DA41F80428CBBCDA00FE89F7 /* Debug */,
				DA41F80528CBBCDA00FE89F7 /* Release */,
			);
			defaultConfigurationIsVisible = 0;
			defaultConfigurationName = Release;
		};
		DA41F80628CBBCDA00FE89F7 /* Build configuration list for PBXNativeTarget "Flix" */ = {
			isa = XCConfigurationList;
			buildConfigurations = (
				DA41F80728CBBCDA00FE89F7 /* Debug */,
				DA41F80828CBBCDA00FE89F7 /* Release */,
			);
			defaultConfigurationIsVisible = 0;
			defaultConfigurationName = Release;
		};
/* End XCConfigurationList section */

/* Begin XCRemoteSwiftPackageReference section */
		DA037D6528CBEDA8000D33C4 /* XCRemoteSwiftPackageReference "AlamofireImage" */ = {
			isa = XCRemoteSwiftPackageReference;
			repositoryURL = "https://github.com/Alamofire/AlamofireImage";
			requirement = {
				kind = upToNextMajorVersion;
				minimumVersion = 4.0.0;
			};
		};
/* End XCRemoteSwiftPackageReference section */

/* Begin XCSwiftPackageProductDependency section */
		DA037D6628CBEDA8000D33C4 /* AlamofireImage */ = {
			isa = XCSwiftPackageProductDependency;
			package = DA037D6528CBEDA8000D33C4 /* XCRemoteSwiftPackageReference "AlamofireImage" */;
			productName = AlamofireImage;
		};
/* End XCSwiftPackageProductDependency section */
	};
	rootObject = DA41F7EA28CBBCD300FE89F7 /* Project object */;
}
